
Microsoft Visual Studio Solution File, Format Version 12.00
# Visual Studio Version 17
VisualStudioVersion = 17.11.35327.3
MinimumVisualStudioVersion = 10.0.40219.1
Project("{FAE04EC0-301F-11D3-BF4B-00C04F79EFBC}") = "WebFormularioContacto", "WebFormularioContacto.csproj", "{8AB58147-6770-4ACA-A925-E240137FA6BD}"
EndProject
Global
	GlobalSection(SolutionConfigurationPlatforms) = preSolution
		Debug|Any CPU = Debug|Any CPU
		Release|Any CPU = Release|Any CPU
	EndGlobalSection
	GlobalSection(ProjectConfigurationPlatforms) = postSolution
		{8AB58147-6770-4ACA-A925-E240137FA6BD}.Debug|Any CPU.ActiveCfg = Debug|Any CPU
		{8AB58147-6770-4ACA-A925-E240137FA6BD}.Debug|Any CPU.Build.0 = Debug|Any CPU
		{8AB58147-6770-4ACA-A925-E240137FA6BD}.Release|Any CPU.ActiveCfg = Release|Any CPU
		{8AB58147-6770-4ACA-A925-E240137FA6BD}.Release|Any CPU.Build.0 = Release|Any CPU
	EndGlobalSection
	GlobalSection(SolutionProperties) = preSolution
		HideSolutionNode = FALSE
	EndGlobalSection
	GlobalSection(ExtensibilityGlobals) = postSolution
		SolutionGuid = {419E5F89-50C0-4984-90A0-EE33BF881764}
	EndGlobalSection
EndGlobal
